
Microsoft Visual Studio Solution File, Format Version 12.00
# Visual Studio 15
VisualStudioVersion = 15.0.28307.489
MinimumVisualStudioVersion = 10.0.40219.1
Project("{FAE04EC0-301F-11D3-BF4B-00C04F79EFBC}") = "BusinessPlex", "BusinessPlex\BusinessPlex.csproj", "{C9D4449E-B02D-4318-8E76-DC602D908C20}"
EndProject
Project("{FAE04EC0-301F-11D3-BF4B-00C04F79EFBC}") = "BusinessPlex.BLL", "BusinessPlex.BLL\BusinessPlex.BLL.csproj", "{3072CC3A-27FC-4918-8DDF-CB75562CB134}"
EndProject
Project("{FAE04EC0-301F-11D3-BF4B-00C04F79EFBC}") = "BusinessPlex.Models", "BusinessPlex.Models\BusinessPlex.Models.csproj", "{4F642D63-EDBA-45B5-9BBF-305A1B9D5F6F}"
EndProject
Project("{FAE04EC0-301F-11D3-BF4B-00C04F79EFBC}") = "BusinessPlex.Repository", "BusinessPlex.Repository\BusinessPlex.Repository.csproj", "{268FBCD6-8C19-4CC9-B68A-9EEB6ECFF046}"
EndProject
Project("{FAE04EC0-301F-11D3-BF4B-00C04F79EFBC}") = "BusinessPlex.DatabaseContext", "BusinessPlex.DatabaseContext\BusinessPlex.DatabaseContext.csproj", "{739AE25B-73C3-4676-9D9A-F8FD0FA0E793}"
EndProject
Global
	GlobalSection(SolutionConfigurationPlatforms) = preSolution
		Debug|Any CPU = Debug|Any CPU
		Release|Any CPU = Release|Any CPU
	EndGlobalSection
	GlobalSection(ProjectConfigurationPlatforms) = postSolution
		{C9D4449E-B02D-4318-8E76-DC602D908C20}.Debug|Any CPU.ActiveCfg = Debug|Any CPU
		{C9D4449E-B02D-4318-8E76-DC602D908C20}.Debug|Any CPU.Build.0 = Debug|Any CPU
		{C9D4449E-B02D-4318-8E76-DC602D908C20}.Release|Any CPU.ActiveCfg = Release|Any CPU
		{C9D4449E-B02D-4318-8E76-DC602D908C20}.Release|Any CPU.Build.0 = Release|Any CPU
		{3072CC3A-27FC-4918-8DDF-CB75562CB134}.Debug|Any CPU.ActiveCfg = Debug|Any CPU
		{3072CC3A-27FC-4918-8DDF-CB75562CB134}.Debug|Any CPU.Build.0 = Debug|Any CPU
		{3072CC3A-27FC-4918-8DDF-CB75562CB134}.Release|Any CPU.ActiveCfg = Release|Any CPU
		{3072CC3A-27FC-4918-8DDF-CB75562CB134}.Release|Any CPU.Build.0 = Release|Any CPU
		{4F642D63-EDBA-45B5-9BBF-305A1B9D5F6F}.Debug|Any CPU.ActiveCfg = Debug|Any CPU
		{4F642D63-EDBA-45B5-9BBF-305A1B9D5F6F}.Debug|Any CPU.Build.0 = Debug|Any CPU
		{4F642D63-EDBA-45B5-9BBF-305A1B9D5F6F}.Release|Any CPU.ActiveCfg = Release|Any CPU
		{4F642D63-EDBA-45B5-9BBF-305A1B9D5F6F}.Release|Any CPU.Build.0 = Release|Any CPU
		{268FBCD6-8C19-4CC9-B68A-9EEB6ECFF046}.Debug|Any CPU.ActiveCfg = Debug|Any CPU
		{268FBCD6-8C19-4CC9-B68A-9EEB6ECFF046}.Debug|Any CPU.Build.0 = Debug|Any CPU
		{268FBCD6-8C19-4CC9-B68A-9EEB6ECFF046}.Release|Any CPU.ActiveCfg = Release|Any CPU
		{268FBCD6-8C19-4CC9-B68A-9EEB6ECFF046}.Release|Any CPU.Build.0 = Release|Any CPU
		{739AE25B-73C3-4676-9D9A-F8FD0FA0E793}.Debug|Any CPU.ActiveCfg = Debug|Any CPU
		{739AE25B-73C3-4676-9D9A-F8FD0FA0E793}.Debug|Any CPU.Build.0 = Debug|Any CPU
		{739AE25B-73C3-4676-9D9A-F8FD0FA0E793}.Release|Any CPU.ActiveCfg = Release|Any CPU
		{739AE25B-73C3-4676-9D9A-F8FD0FA0E793}.Release|Any CPU.Build.0 = Release|Any CPU
	EndGlobalSection
	GlobalSection(SolutionProperties) = preSolution
		HideSolutionNode = FALSE
	EndGlobalSection
	GlobalSection(ExtensibilityGlobals) = postSolution
		SolutionGuid = {50A1C987-759E-4AD0-9BFE-2168E6552FA8}
	EndGlobalSection
EndGlobal
